
Microsoft Visual Studio Solution File, Format Version 12.00
# Visual Studio 15
VisualStudioVersion = 15.0.28307.329
MinimumVisualStudioVersion = 10.0.40219.1
Project("{FAE04EC0-301F-11D3-BF4B-00C04F79EFBC}") = "EjemploTableStorage", "EjemploTableStorage\EjemploTableStorage.csproj", "{F05AA237-DF6E-4159-BE87-C9EBA326F6F2}"
EndProject
Global
	GlobalSection(SolutionConfigurationPlatforms) = preSolution
		Debug|Any CPU = Debug|Any CPU
		Release|Any CPU = Release|Any CPU
	EndGlobalSection
	GlobalSection(ProjectConfigurationPlatforms) = postSolution
		{F05AA237-DF6E-4159-BE87-C9EBA326F6F2}.Debug|Any CPU.ActiveCfg = Debug|Any CPU
		{F05AA237-DF6E-4159-BE87-C9EBA326F6F2}.Debug|Any CPU.Build.0 = Debug|Any CPU
		{F05AA237-DF6E-4159-BE87-C9EBA326F6F2}.Release|Any CPU.ActiveCfg = Release|Any CPU
		{F05AA237-DF6E-4159-BE87-C9EBA326F6F2}.Release|Any CPU.Build.0 = Release|Any CPU
	EndGlobalSection
	GlobalSection(SolutionProperties) = preSolution
		HideSolutionNode = FALSE
	EndGlobalSection
	GlobalSection(ExtensibilityGlobals) = postSolution
		SolutionGuid = {F4ABC710-7D55-41BA-8CCA-D4B3C978C51E}
	EndGlobalSection
EndGlobal
